
Microsoft Visual Studio Solution File, Format Version 12.00
# Visual Studio 15
VisualStudioVersion = 15.0.28307.645
MinimumVisualStudioVersion = 10.0.40219.1
Project("{FAE04EC0-301F-11D3-BF4B-00C04F79EFBC}") = "TriangleApp", "UnitTest\TriangleApp.csproj", "{3AE379BF-1898-4B55-9AD9-1E9D80F80905}"
EndProject
Project("{FAE04EC0-301F-11D3-BF4B-00C04F79EFBC}") = "Test", "Test\Test.csproj", "{4E448E74-DFD0-4FD0-AC50-50E7033E31AD}"
EndProject
Global
	GlobalSection(SolutionConfigurationPlatforms) = preSolution
		Debug|Any CPU = Debug|Any CPU
		Release|Any CPU = Release|Any CPU
	EndGlobalSection
	GlobalSection(ProjectConfigurationPlatforms) = postSolution
		{3AE379BF-1898-4B55-9AD9-1E9D80F80905}.Debug|Any CPU.ActiveCfg = Debug|Any CPU
		{3AE379BF-1898-4B55-9AD9-1E9D80F80905}.Debug|Any CPU.Build.0 = Debug|Any CPU
		{3AE379BF-1898-4B55-9AD9-1E9D80F80905}.Release|Any CPU.ActiveCfg = Release|Any CPU
		{3AE379BF-1898-4B55-9AD9-1E9D80F80905}.Release|Any CPU.Build.0 = Release|Any CPU
		{4E448E74-DFD0-4FD0-AC50-50E7033E31AD}.Debug|Any CPU.ActiveCfg = Debug|Any CPU
		{4E448E74-DFD0-4FD0-AC50-50E7033E31AD}.Debug|Any CPU.Build.0 = Debug|Any CPU
		{4E448E74-DFD0-4FD0-AC50-50E7033E31AD}.Release|Any CPU.ActiveCfg = Release|Any CPU
		{4E448E74-DFD0-4FD0-AC50-50E7033E31AD}.Release|Any CPU.Build.0 = Release|Any CPU
	EndGlobalSection
	GlobalSection(SolutionProperties) = preSolution
		HideSolutionNode = FALSE
	EndGlobalSection
	GlobalSection(ExtensibilityGlobals) = postSolution
		SolutionGuid = {B78CD47F-BF49-421E-8C0D-BE07CC39937D}
	EndGlobalSection
EndGlobal
